
Microsoft Visual Studio Solution File, Format Version 12.00
# Visual Studio Version 17
VisualStudioVersion = 17.2.32519.379
MinimumVisualStudioVersion = 10.0.40219.1
Project("{FAE04EC0-301F-11D3-BF4B-00C04F79EFBC}") = "OpenApiToRefit.Cli", "OpenApiToRefit.Cli\OpenApiToRefit.Cli.csproj", "{733577EA-108F-4101-85E0-557C94BD2E5A}"
EndProject
Global
	GlobalSection(SolutionConfigurationPlatforms) = preSolution
		Debug|Any CPU = Debug|Any CPU
		Release|Any CPU = Release|Any CPU
	EndGlobalSection
	GlobalSection(ProjectConfigurationPlatforms) = postSolution
		{733577EA-108F-4101-85E0-557C94BD2E5A}.Debug|Any CPU.ActiveCfg = Debug|Any CPU
		{733577EA-108F-4101-85E0-557C94BD2E5A}.Debug|Any CPU.Build.0 = Debug|Any CPU
		{733577EA-108F-4101-85E0-557C94BD2E5A}.Release|Any CPU.ActiveCfg = Release|Any CPU
		{733577EA-108F-4101-85E0-557C94BD2E5A}.Release|Any CPU.Build.0 = Release|Any CPU
	EndGlobalSection
	GlobalSection(SolutionProperties) = preSolution
		HideSolutionNode = FALSE
	EndGlobalSection
	GlobalSection(ExtensibilityGlobals) = postSolution
		SolutionGuid = {0E334877-C832-4631-96C2-6A0F45A6A7D1}
	EndGlobalSection
EndGlobal
